// !$*UTF8*$!
{
	archiveVersion = 1;
	classes = {
	};
	objectVersion = 56;
	objects = {

/* Begin PBXBuildFile section */
		A806FB652C9EE67B00206181 /* MessengerApp.swift in Sources */ = {isa = PBXBuildFile; fileRef = A806FB642C9EE67B00206181 /* MessengerApp.swift */; };
		A806FB672C9EE67B00206181 /* ContentView.swift in Sources */ = {isa = PBXBuildFile; fileRef = A806FB662C9EE67B00206181 /* ContentView.swift */; };
		A806FB692C9EE67D00206181 /* Assets.xcassets in Resources */ = {isa = PBXBuildFile; fileRef = A806FB682C9EE67D00206181 /* Assets.xcassets */; };
		A806FB6C2C9EE67D00206181 /* Preview Assets.xcassets in Resources */ = {isa = PBXBuildFile; fileRef = A806FB6B2C9EE67D00206181 /* Preview Assets.xcassets */; };
		A806FB732C9EE75200206181 /* GoogleService-Info.plist in Resources */ = {isa = PBXBuildFile; fileRef = A806FB722C9EE75200206181 /* GoogleService-Info.plist */; };
		A806FB762C9EE7B500206181 /* FirebaseAuth in Frameworks */ = {isa = PBXBuildFile; productRef = A806FB752C9EE7B500206181 /* FirebaseAuth */; };
		A806FB782C9EE7B500206181 /* FirebaseFirestore in Frameworks */ = {isa = PBXBuildFile; productRef = A806FB772C9EE7B500206181 /* FirebaseFirestore */; };
		A806FB7A2C9EE7B500206181 /* FirebaseStorage in Frameworks */ = {isa = PBXBuildFile; productRef = A806FB792C9EE7B500206181 /* FirebaseStorage */; };
		A806FB7C2C9EEE4000206181 /* UserModel.swift in Sources */ = {isa = PBXBuildFile; fileRef = A806FB7B2C9EEE4000206181 /* UserModel.swift */; };
		A806FB7E2C9F84F900206181 /* MessageModel.swift in Sources */ = {isa = PBXBuildFile; fileRef = A806FB7D2C9F84F900206181 /* MessageModel.swift */; };
		A806FB802CA04A4500206181 /* UserService.swift in Sources */ = {isa = PBXBuildFile; fileRef = A806FB7F2CA04A4500206181 /* UserService.swift */; };
		A806FB822CA04ACB00206181 /* UserViewModel.swift in Sources */ = {isa = PBXBuildFile; fileRef = A806FB812CA04ACB00206181 /* UserViewModel.swift */; };
		A806FB852CA0535B00206181 /* LogInView.swift in Sources */ = {isa = PBXBuildFile; fileRef = A806FB842CA0535B00206181 /* LogInView.swift */; };
		A806FB872CA0935000206181 /* SignUpView.swift in Sources */ = {isa = PBXBuildFile; fileRef = A806FB862CA0935000206181 /* SignUpView.swift */; };
		A806FB8A2CA09AA800206181 /* ChatView.swift in Sources */ = {isa = PBXBuildFile; fileRef = A806FB892CA09AA800206181 /* ChatView.swift */; };
		A806FB8C2CA09ABF00206181 /* ChatViewModel.swift in Sources */ = {isa = PBXBuildFile; fileRef = A806FB8B2CA09ABF00206181 /* ChatViewModel.swift */; };
		A806FB8E2CA0A80200206181 /* ChatListView.swift in Sources */ = {isa = PBXBuildFile; fileRef = A806FB8D2CA0A80200206181 /* ChatListView.swift */; };
		A806FB912CA0B1A900206181 /* BoxModifier.swift in Sources */ = {isa = PBXBuildFile; fileRef = A806FB902CA0B1A900206181 /* BoxModifier.swift */; };
		A806FB932CA0CF1C00206181 /* ChatListViewModel.swift in Sources */ = {isa = PBXBuildFile; fileRef = A806FB922CA0CF1C00206181 /* ChatListViewModel.swift */; };
		A8E3C82D2CA19CD10068E373 /* MockData.swift in Sources */ = {isa = PBXBuildFile; fileRef = A8E3C82C2CA19CD10068E373 /* MockData.swift */; };
		A8E3C82F2CA1B3910068E373 /* test.swift in Sources */ = {isa = PBXBuildFile; fileRef = A8E3C82E2CA1B3910068E373 /* test.swift */; };
		A8E3C8332CA215380068E373 /* NewChatView.swift in Sources */ = {isa = PBXBuildFile; fileRef = A8E3C8322CA215380068E373 /* NewChatView.swift */; };
		A8E3C8352CA215450068E373 /* NewChatViewModel.swift in Sources */ = {isa = PBXBuildFile; fileRef = A8E3C8342CA215450068E373 /* NewChatViewModel.swift */; };
		A8E3C8372CA236130068E373 /* SwiftUIView.swift in Sources */ = {isa = PBXBuildFile; fileRef = A8E3C8362CA236120068E373 /* SwiftUIView.swift */; };
		A8E3C8392CA2F84B0068E373 /* InboxView.swift in Sources */ = {isa = PBXBuildFile; fileRef = A8E3C8382CA2F84B0068E373 /* InboxView.swift */; };
/* End PBXBuildFile section */

/* Begin PBXFileReference section */
		A806FB612C9EE67B00206181 /* Messenger.app */ = {isa = PBXFileReference; explicitFileType = wrapper.application; includeInIndex = 0; path = Messenger.app; sourceTree = BUILT_PRODUCTS_DIR; };
		A806FB642C9EE67B00206181 /* MessengerApp.swift */ = {isa = PBXFileReference; lastKnownFileType = sourcecode.swift; path = MessengerApp.swift; sourceTree = "<group>"; };
		A806FB662C9EE67B00206181 /* ContentView.swift */ = {isa = PBXFileReference; lastKnownFileType = sourcecode.swift; path = ContentView.swift; sourceTree = "<group>"; };
		A806FB682C9EE67D00206181 /* Assets.xcassets */ = {isa = PBXFileReference; lastKnownFileType = folder.assetcatalog; path = Assets.xcassets; sourceTree = "<group>"; };
		A806FB6B2C9EE67D00206181 /* Preview Assets.xcassets */ = {isa = PBXFileReference; lastKnownFileType = folder.assetcatalog; path = "Preview Assets.xcassets"; sourceTree = "<group>"; };
		A806FB722C9EE75200206181 /* GoogleService-Info.plist */ = {isa = PBXFileReference; fileEncoding = 4; lastKnownFileType = text.plist.xml; path = "GoogleService-Info.plist"; sourceTree = "<group>"; };
		A806FB7B2C9EEE4000206181 /* UserModel.swift */ = {isa = PBXFileReference; lastKnownFileType = sourcecode.swift; path = UserModel.swift; sourceTree = "<group>"; };
		A806FB7D2C9F84F900206181 /* MessageModel.swift */ = {isa = PBXFileReference; lastKnownFileType = sourcecode.swift; path = MessageModel.swift; sourceTree = "<group>"; };
		A806FB7F2CA04A4500206181 /* UserService.swift */ = {isa = PBXFileReference; lastKnownFileType = sourcecode.swift; path = UserService.swift; sourceTree = "<group>"; };
		A806FB812CA04ACB00206181 /* UserViewModel.swift */ = {isa = PBXFileReference; lastKnownFileType = sourcecode.swift; path = UserViewModel.swift; sourceTree = "<group>"; };
		A806FB842CA0535B00206181 /* LogInView.swift */ = {isa = PBXFileReference; lastKnownFileType = sourcecode.swift; path = LogInView.swift; sourceTree = "<group>"; };
		A806FB862CA0935000206181 /* SignUpView.swift */ = {isa = PBXFileReference; lastKnownFileType = sourcecode.swift; path = SignUpView.swift; sourceTree = "<group>"; };
		A806FB892CA09AA800206181 /* ChatView.swift */ = {isa = PBXFileReference; lastKnownFileType = sourcecode.swift; path = ChatView.swift; sourceTree = "<group>"; };
		A806FB8B2CA09ABF00206181 /* ChatViewModel.swift */ = {isa = PBXFileReference; lastKnownFileType = sourcecode.swift; path = ChatViewModel.swift; sourceTree = "<group>"; };
		A806FB8D2CA0A80200206181 /* ChatListView.swift */ = {isa = PBXFileReference; lastKnownFileType = sourcecode.swift; path = ChatListView.swift; sourceTree = "<group>"; };
		A806FB902CA0B1A900206181 /* BoxModifier.swift */ = {isa = PBXFileReference; fileEncoding = 4; lastKnownFileType = sourcecode.swift; path = BoxModifier.swift; sourceTree = "<group>"; };
		A806FB922CA0CF1C00206181 /* ChatListViewModel.swift */ = {isa = PBXFileReference; lastKnownFileType = sourcecode.swift; path = ChatListViewModel.swift; sourceTree = "<group>"; };
		A8E3C82C2CA19CD10068E373 /* MockData.swift */ = {isa = PBXFileReference; lastKnownFileType = sourcecode.swift; path = MockData.swift; sourceTree = "<group>"; };
		A8E3C82E2CA1B3910068E373 /* test.swift */ = {isa = PBXFileReference; lastKnownFileType = sourcecode.swift; path = test.swift; sourceTree = "<group>"; };
		A8E3C8322CA215380068E373 /* NewChatView.swift */ = {isa = PBXFileReference; lastKnownFileType = sourcecode.swift; path = NewChatView.swift; sourceTree = "<group>"; };
		A8E3C8342CA215450068E373 /* NewChatViewModel.swift */ = {isa = PBXFileReference; lastKnownFileType = sourcecode.swift; path = NewChatViewModel.swift; sourceTree = "<group>"; };
		A8E3C8362CA236120068E373 /* SwiftUIView.swift */ = {isa = PBXFileReference; lastKnownFileType = sourcecode.swift; path = SwiftUIView.swift; sourceTree = "<group>"; };
		A8E3C8382CA2F84B0068E373 /* InboxView.swift */ = {isa = PBXFileReference; lastKnownFileType = sourcecode.swift; path = InboxView.swift; sourceTree = "<group>"; };
/* End PBXFileReference section */

/* Begin PBXFrameworksBuildPhase section */
		A806FB5E2C9EE67B00206181 /* Frameworks */ = {
			isa = PBXFrameworksBuildPhase;
			buildActionMask = 2147483647;
			files = (
				A806FB762C9EE7B500206181 /* FirebaseAuth in Frameworks */,
				A806FB782C9EE7B500206181 /* FirebaseFirestore in Frameworks */,
				A806FB7A2C9EE7B500206181 /* FirebaseStorage in Frameworks */,
			);
			runOnlyForDeploymentPostprocessing = 0;
		};
/* End PBXFrameworksBuildPhase section */

/* Begin PBXGroup section */
		A806FB582C9EE67B00206181 = {
			isa = PBXGroup;
			children = (
				A806FB632C9EE67B00206181 /* Messenger */,
				A806FB622C9EE67B00206181 /* Products */,
			);
			sourceTree = "<group>";
		};
		A806FB622C9EE67B00206181 /* Products */ = {
			isa = PBXGroup;
			children = (
				A806FB612C9EE67B00206181 /* Messenger.app */,
			);
			name = Products;
			sourceTree = "<group>";
		};
		A806FB632C9EE67B00206181 /* Messenger */ = {
			isa = PBXGroup;
			children = (
				A8E3C82B2CA19CAD0068E373 /* Extensions */,
				A806FB8F2CA0B18E00206181 /* Components */,
				A806FB882CA09A8600206181 /* Chat */,
				A806FB832CA0533F00206181 /* Views */,
				A806FB642C9EE67B00206181 /* MessengerApp.swift */,
				A806FB662C9EE67B00206181 /* ContentView.swift */,
				A8E3C82E2CA1B3910068E373 /* test.swift */,
				A806FB7F2CA04A4500206181 /* UserService.swift */,
				A806FB812CA04ACB00206181 /* UserViewModel.swift */,
				A806FB7B2C9EEE4000206181 /* UserModel.swift */,
				A806FB7D2C9F84F900206181 /* MessageModel.swift */,
				A806FB682C9EE67D00206181 /* Assets.xcassets */,
				A806FB722C9EE75200206181 /* GoogleService-Info.plist */,
				A806FB6A2C9EE67D00206181 /* Preview Content */,
			);
			path = Messenger;
			sourceTree = "<group>";
		};
		A806FB6A2C9EE67D00206181 /* Preview Content */ = {
			isa = PBXGroup;
			children = (
				A806FB6B2C9EE67D00206181 /* Preview Assets.xcassets */,
			);
			path = "Preview Content";
			sourceTree = "<group>";
		};
		A806FB832CA0533F00206181 /* Views */ = {
			isa = PBXGroup;
			children = (
				A806FB842CA0535B00206181 /* LogInView.swift */,
				A806FB862CA0935000206181 /* SignUpView.swift */,
			);
			path = Views;
			sourceTree = "<group>";
		};
		A806FB882CA09A8600206181 /* Chat */ = {
			isa = PBXGroup;
			children = (
				A806FB892CA09AA800206181 /* ChatView.swift */,
				A806FB8B2CA09ABF00206181 /* ChatViewModel.swift */,
				A806FB8D2CA0A80200206181 /* ChatListView.swift */,
				A806FB922CA0CF1C00206181 /* ChatListViewModel.swift */,
				A8E3C8322CA215380068E373 /* NewChatView.swift */,
				A8E3C8342CA215450068E373 /* NewChatViewModel.swift */,
				A8E3C8362CA236120068E373 /* SwiftUIView.swift */,
				A8E3C8382CA2F84B0068E373 /* InboxView.swift */,
			);
			path = Chat;
			sourceTree = "<group>";
		};
		A806FB8F2CA0B18E00206181 /* Components */ = {
			isa = PBXGroup;
			children = (
				A806FB902CA0B1A900206181 /* BoxModifier.swift */,
			);
			path = Components;
			sourceTree = "<group>";
		};
		A8E3C82B2CA19CAD0068E373 /* Extensions */ = {
			isa = PBXGroup;
			children = (
				A8E3C82C2CA19CD10068E373 /* MockData.swift */,
			);
			path = Extensions;
			sourceTree = "<group>";
		};
/* End PBXGroup section */

/* Begin PBXNativeTarget section */
		A806FB602C9EE67B00206181 /* Messenger */ = {
			isa = PBXNativeTarget;
			buildConfigurationList = A806FB6F2C9EE67D00206181 /* Build configuration list for PBXNativeTarget "Messenger" */;
			buildPhases = (
				A806FB5D2C9EE67B00206181 /* Sources */,
				A806FB5E2C9EE67B00206181 /* Frameworks */,
				A806FB5F2C9EE67B00206181 /* Resources */,
			);
			buildRules = (
			);
			dependencies = (
			);
			name = Messenger;
			packageProductDependencies = (
				A806FB752C9EE7B500206181 /* FirebaseAuth */,
				A806FB772C9EE7B500206181 /* FirebaseFirestore */,
				A806FB792C9EE7B500206181 /* FirebaseStorage */,
			);
			productName = Messenger;
			productReference = A806FB612C9EE67B00206181 /* Messenger.app */;
			productType = "com.apple.product-type.application";
		};
/* End PBXNativeTarget section */

/* Begin PBXProject section */
		A806FB592C9EE67B00206181 /* Project object */ = {
			isa = PBXProject;
			attributes = {
				BuildIndependentTargetsInParallel = 1;
				LastSwiftUpdateCheck = 1540;
				LastUpgradeCheck = 1540;
				TargetAttributes = {
					A806FB602C9EE67B00206181 = {
						CreatedOnToolsVersion = 15.4;
					};
				};
			};
			buildConfigurationList = A806FB5C2C9EE67B00206181 /* Build configuration list for PBXProject "Messenger" */;
			compatibilityVersion = "Xcode 14.0";
			developmentRegion = en;
			hasScannedForEncodings = 0;
			knownRegions = (
				en,
				Base,
			);
			mainGroup = A806FB582C9EE67B00206181;
			packageReferences = (
				A806FB742C9EE7B500206181 /* XCRemoteSwiftPackageReference "firebase-ios-sdk" */,
			);
			productRefGroup = A806FB622C9EE67B00206181 /* Products */;
			projectDirPath = "";
			projectRoot = "";
			targets = (
				A806FB602C9EE67B00206181 /* Messenger */,
			);
		};
/* End PBXProject section */

/* Begin PBXResourcesBuildPhase section */
		A806FB5F2C9EE67B00206181 /* Resources */ = {
			isa = PBXResourcesBuildPhase;
			buildActionMask = 2147483647;
			files = (
				A806FB732C9EE75200206181 /* GoogleService-Info.plist in Resources */,
				A806FB6C2C9EE67D00206181 /* Preview Assets.xcassets in Resources */,
				A806FB692C9EE67D00206181 /* Assets.xcassets in Resources */,
			);
			runOnlyForDeploymentPostprocessing = 0;
		};
/* End PBXResourcesBuildPhase section */

/* Begin PBXSourcesBuildPhase section */
		A806FB5D2C9EE67B00206181 /* Sources */ = {
			isa = PBXSourcesBuildPhase;
			buildActionMask = 2147483647;
			files = (
				A806FB912CA0B1A900206181 /* BoxModifier.swift in Sources */,
				A8E3C8332CA215380068E373 /* NewChatView.swift in Sources */,
				A8E3C8372CA236130068E373 /* SwiftUIView.swift in Sources */,
				A806FB8E2CA0A80200206181 /* ChatListView.swift in Sources */,
				A806FB672C9EE67B00206181 /* ContentView.swift in Sources */,
				A806FB932CA0CF1C00206181 /* ChatListViewModel.swift in Sources */,
				A8E3C8392CA2F84B0068E373 /* InboxView.swift in Sources */,
				A806FB852CA0535B00206181 /* LogInView.swift in Sources */,
				A8E3C82D2CA19CD10068E373 /* MockData.swift in Sources */,
				A806FB822CA04ACB00206181 /* UserViewModel.swift in Sources */,
				A806FB802CA04A4500206181 /* UserService.swift in Sources */,
				A8E3C8352CA215450068E373 /* NewChatViewModel.swift in Sources */,
				A806FB8A2CA09AA800206181 /* ChatView.swift in Sources */,
				A806FB7C2C9EEE4000206181 /* UserModel.swift in Sources */,
				A806FB652C9EE67B00206181 /* MessengerApp.swift in Sources */,
				A806FB872CA0935000206181 /* SignUpView.swift in Sources */,
				A806FB8C2CA09ABF00206181 /* ChatViewModel.swift in Sources */,
				A8E3C82F2CA1B3910068E373 /* test.swift in Sources */,
				A806FB7E2C9F84F900206181 /* MessageModel.swift in Sources */,
			);
			runOnlyForDeploymentPostprocessing = 0;
		};
/* End PBXSourcesBuildPhase section */

/* Begin XCBuildConfiguration section */
		A806FB6D2C9EE67D00206181 /* Debug */ = {
			isa = XCBuildConfiguration;
			buildSettings = {
				ALWAYS_SEARCH_USER_PATHS = NO;
				ASSETCATALOG_COMPILER_GENERATE_SWIFT_ASSET_SYMBOL_EXTENSIONS = YES;
				CLANG_ANALYZER_NONNULL = YES;
				CLANG_ANALYZER_NUMBER_OBJECT_CONVERSION = YES_AGGRESSIVE;
				CLANG_CXX_LANGUAGE_STANDARD = "gnu++20";
				CLANG_ENABLE_MODULES = YES;
				CLANG_ENABLE_OBJC_ARC = YES;
				CLANG_ENABLE_OBJC_WEAK = YES;
				CLANG_WARN_BLOCK_CAPTURE_AUTORELEASING = YES;
				CLANG_WARN_BOOL_CONVERSION = YES;
				CLANG_WARN_COMMA = YES;
				CLANG_WARN_CONSTANT_CONVERSION = YES;
				CLANG_WARN_DEPRECATED_OBJC_IMPLEMENTATIONS = YES;
				CLANG_WARN_DIRECT_OBJC_ISA_USAGE = YES_ERROR;
				CLANG_WARN_DOCUMENTATION_COMMENTS = YES;
				CLANG_WARN_EMPTY_BODY = YES;
				CLANG_WARN_ENUM_CONVERSION = YES;
				CLANG_WARN_INFINITE_RECURSION = YES;
				CLANG_WARN_INT_CONVERSION = YES;
				CLANG_WARN_NON_LITERAL_NULL_CONVERSION = YES;
				CLANG_WARN_OBJC_IMPLICIT_RETAIN_SELF = YES;
				CLANG_WARN_OBJC_LITERAL_CONVERSION = YES;
				CLANG_WARN_OBJC_ROOT_CLASS = YES_ERROR;
				CLANG_WARN_QUOTED_INCLUDE_IN_FRAMEWORK_HEADER = YES;
				CLANG_WARN_RANGE_LOOP_ANALYSIS = YES;
				CLANG_WARN_STRICT_PROTOTYPES = YES;
				CLANG_WARN_SUSPICIOUS_MOVE = YES;
				CLANG_WARN_UNGUARDED_AVAILABILITY = YES_AGGRESSIVE;
				CLANG_WARN_UNREACHABLE_CODE = YES;
				CLANG_WARN__DUPLICATE_METHOD_MATCH = YES;
				COPY_PHASE_STRIP = NO;
				DEBUG_INFORMATION_FORMAT = dwarf;
				ENABLE_STRICT_OBJC_MSGSEND = YES;
				ENABLE_TESTABILITY = YES;
				ENABLE_USER_SCRIPT_SANDBOXING = YES;
				GCC_C_LANGUAGE_STANDARD = gnu17;
				GCC_DYNAMIC_NO_PIC = NO;
				GCC_NO_COMMON_BLOCKS = YES;
				GCC_OPTIMIZATION_LEVEL = 0;
				GCC_PREPROCESSOR_DEFINITIONS = (
					"DEBUG=1",
					"$(inherited)",
				);
				GCC_WARN_64_TO_32_BIT_CONVERSION = YES;
				GCC_WARN_ABOUT_RETURN_TYPE = YES_ERROR;
				GCC_WARN_UNDECLARED_SELECTOR = YES;
				GCC_WARN_UNINITIALIZED_AUTOS = YES_AGGRESSIVE;
				GCC_WARN_UNUSED_FUNCTION = YES;
				GCC_WARN_UNUSED_VARIABLE = YES;
				IPHONEOS_DEPLOYMENT_TARGET = 17.5;
				LOCALIZATION_PREFERS_STRING_CATALOGS = YES;
				MTL_ENABLE_DEBUG_INFO = INCLUDE_SOURCE;
				MTL_FAST_MATH = YES;
				ONLY_ACTIVE_ARCH = YES;
				SDKROOT = iphoneos;
				SWIFT_ACTIVE_COMPILATION_CONDITIONS = "DEBUG $(inherited)";
				SWIFT_OPTIMIZATION_LEVEL = "-Onone";
			};
			name = Debug;
		};
		A806FB6E2C9EE67D00206181 /* Release */ = {
			isa = XCBuildConfiguration;
			buildSettings = {
				ALWAYS_SEARCH_USER_PATHS = NO;
				ASSETCATALOG_COMPILER_GENERATE_SWIFT_ASSET_SYMBOL_EXTENSIONS = YES;
				CLANG_ANALYZER_NONNULL = YES;
				CLANG_ANALYZER_NUMBER_OBJECT_CONVERSION = YES_AGGRESSIVE;
				CLANG_CXX_LANGUAGE_STANDARD = "gnu++20";
				CLANG_ENABLE_MODULES = YES;
				CLANG_ENABLE_OBJC_ARC = YES;
				CLANG_ENABLE_OBJC_WEAK = YES;
				CLANG_WARN_BLOCK_CAPTURE_AUTORELEASING = YES;
				CLANG_WARN_BOOL_CONVERSION = YES;
				CLANG_WARN_COMMA = YES;
				CLANG_WARN_CONSTANT_CONVERSION = YES;
				CLANG_WARN_DEPRECATED_OBJC_IMPLEMENTATIONS = YES;
				CLANG_WARN_DIRECT_OBJC_ISA_USAGE = YES_ERROR;
				CLANG_WARN_DOCUMENTATION_COMMENTS = YES;
				CLANG_WARN_EMPTY_BODY = YES;
				CLANG_WARN_ENUM_CONVERSION = YES;
				CLANG_WARN_INFINITE_RECURSION = YES;
				CLANG_WARN_INT_CONVERSION = YES;
				CLANG_WARN_NON_LITERAL_NULL_CONVERSION = YES;
				CLANG_WARN_OBJC_IMPLICIT_RETAIN_SELF = YES;
				CLANG_WARN_OBJC_LITERAL_CONVERSION = YES;
				CLANG_WARN_OBJC_ROOT_CLASS = YES_ERROR;
				CLANG_WARN_QUOTED_INCLUDE_IN_FRAMEWORK_HEADER = YES;
				CLANG_WARN_RANGE_LOOP_ANALYSIS = YES;
				CLANG_WARN_STRICT_PROTOTYPES = YES;
				CLANG_WARN_SUSPICIOUS_MOVE = YES;
				CLANG_WARN_UNGUARDED_AVAILABILITY = YES_AGGRESSIVE;
				CLANG_WARN_UNREACHABLE_CODE = YES;
				CLANG_WARN__DUPLICATE_METHOD_MATCH = YES;
				COPY_PHASE_STRIP = NO;
				DEBUG_INFORMATION_FORMAT = "dwarf-with-dsym";
				ENABLE_NS_ASSERTIONS = NO;
				ENABLE_STRICT_OBJC_MSGSEND = YES;
				ENABLE_USER_SCRIPT_SANDBOXING = YES;
				GCC_C_LANGUAGE_STANDARD = gnu17;
				GCC_NO_COMMON_BLOCKS = YES;
				GCC_WARN_64_TO_32_BIT_CONVERSION = YES;
				GCC_WARN_ABOUT_RETURN_TYPE = YES_ERROR;
				GCC_WARN_UNDECLARED_SELECTOR = YES;
				GCC_WARN_UNINITIALIZED_AUTOS = YES_AGGRESSIVE;
				GCC_WARN_UNUSED_FUNCTION = YES;
				GCC_WARN_UNUSED_VARIABLE = YES;
				IPHONEOS_DEPLOYMENT_TARGET = 17.5;
				LOCALIZATION_PREFERS_STRING_CATALOGS = YES;
				MTL_ENABLE_DEBUG_INFO = NO;
				MTL_FAST_MATH = YES;
				SDKROOT = iphoneos;
				SWIFT_COMPILATION_MODE = wholemodule;
				VALIDATE_PRODUCT = YES;
			};
			name = Release;
		};
		A806FB702C9EE67D00206181 /* Debug */ = {
			isa = XCBuildConfiguration;
			buildSettings = {
				ASSETCATALOG_COMPILER_APPICON_NAME = AppIcon;
				ASSETCATALOG_COMPILER_GLOBAL_ACCENT_COLOR_NAME = AccentColor;
				CODE_SIGN_STYLE = Automatic;
				CURRENT_PROJECT_VERSION = 1;
				DEVELOPMENT_ASSET_PATHS = "\"Messenger/Preview Content\"";
				ENABLE_PREVIEWS = YES;
				GENERATE_INFOPLIST_FILE = YES;
				INFOPLIST_KEY_UIApplicationSceneManifest_Generation = YES;
				INFOPLIST_KEY_UIApplicationSupportsIndirectInputEvents = YES;
				INFOPLIST_KEY_UILaunchScreen_Generation = YES;
				INFOPLIST_KEY_UISupportedInterfaceOrientations_iPad = "UIInterfaceOrientationPortrait UIInterfaceOrientationPortraitUpsideDown UIInterfaceOrientationLandscapeLeft UIInterfaceOrientationLandscapeRight";
				INFOPLIST_KEY_UISupportedInterfaceOrientations_iPhone = "UIInterfaceOrientationPortrait UIInterfaceOrientationLandscapeLeft UIInterfaceOrientationLandscapeRight";
				LD_RUNPATH_SEARCH_PATHS = (
					"$(inherited)",
					"@executable_path/Frameworks",
				);
				MARKETING_VERSION = 1.0;
				PRODUCT_BUNDLE_IDENTIFIER = ujjwal.Messenger;
				PRODUCT_NAME = "$(TARGET_NAME)";
				SWIFT_EMIT_LOC_STRINGS = YES;
				SWIFT_VERSION = 5.0;
				TARGETED_DEVICE_FAMILY = "1,2";
			};
			name = Debug;
		};
		A806FB712C9EE67D00206181 /* Release */ = {
			isa = XCBuildConfiguration;
			buildSettings = {
				ASSETCATALOG_COMPILER_APPICON_NAME = AppIcon;
				ASSETCATALOG_COMPILER_GLOBAL_ACCENT_COLOR_NAME = AccentColor;
				CODE_SIGN_STYLE = Automatic;
				CURRENT_PROJECT_VERSION = 1;
				DEVELOPMENT_ASSET_PATHS = "\"Messenger/Preview Content\"";
				ENABLE_PREVIEWS = YES;
				GENERATE_INFOPLIST_FILE = YES;
				INFOPLIST_KEY_UIApplicationSceneManifest_Generation = YES;
				INFOPLIST_KEY_UIApplicationSupportsIndirectInputEvents = YES;
				INFOPLIST_KEY_UILaunchScreen_Generation = YES;
				INFOPLIST_KEY_UISupportedInterfaceOrientations_iPad = "UIInterfaceOrientationPortrait UIInterfaceOrientationPortraitUpsideDown UIInterfaceOrientationLandscapeLeft UIInterfaceOrientationLandscapeRight";
				INFOPLIST_KEY_UISupportedInterfaceOrientations_iPhone = "UIInterfaceOrientationPortrait UIInterfaceOrientationLandscapeLeft UIInterfaceOrientationLandscapeRight";
				LD_RUNPATH_SEARCH_PATHS = (
					"$(inherited)",
					"@executable_path/Frameworks",
				);
				MARKETING_VERSION = 1.0;
				PRODUCT_BUNDLE_IDENTIFIER = ujjwal.Messenger;
				PRODUCT_NAME = "$(TARGET_NAME)";
				SWIFT_EMIT_LOC_STRINGS = YES;
				SWIFT_VERSION = 5.0;
				TARGETED_DEVICE_FAMILY = "1,2";
			};
			name = Release;
		};
/* End XCBuildConfiguration section */

/* Begin XCConfigurationList section */
		A806FB5C2C9EE67B00206181 /* Build configuration list for PBXProject "Messenger" */ = {
			isa = XCConfigurationList;
			buildConfigurations = (
				A806FB6D2C9EE67D00206181 /* Debug */,
				A806FB6E2C9EE67D00206181 /* Release */,
			);
			defaultConfigurationIsVisible = 0;
			defaultConfigurationName = Release;
		};
		A806FB6F2C9EE67D00206181 /* Build configuration list for PBXNativeTarget "Messenger" */ = {
			isa = XCConfigurationList;
			buildConfigurations = (
				A806FB702C9EE67D00206181 /* Debug */,
				A806FB712C9EE67D00206181 /* Release */,
			);
			defaultConfigurationIsVisible = 0;
			defaultConfigurationName = Release;
		};
/* End XCConfigurationList section */

/* Begin XCRemoteSwiftPackageReference section */
		A806FB742C9EE7B500206181 /* XCRemoteSwiftPackageReference "firebase-ios-sdk" */ = {
			isa = XCRemoteSwiftPackageReference;
			repositoryURL = "https://github.com/firebase/firebase-ios-sdk.git";
			requirement = {
				kind = upToNextMajorVersion;
				minimumVersion = 11.2.0;
			};
		};
/* End XCRemoteSwiftPackageReference section */

/* Begin XCSwiftPackageProductDependency section */
		A806FB752C9EE7B500206181 /* FirebaseAuth */ = {
			isa = XCSwiftPackageProductDependency;
			package = A806FB742C9EE7B500206181 /* XCRemoteSwiftPackageReference "firebase-ios-sdk" */;
			productName = FirebaseAuth;
		};
		A806FB772C9EE7B500206181 /* FirebaseFirestore */ = {
			isa = XCSwiftPackageProductDependency;
			package = A806FB742C9EE7B500206181 /* XCRemoteSwiftPackageReference "firebase-ios-sdk" */;
			productName = FirebaseFirestore;
		};
		A806FB792C9EE7B500206181 /* FirebaseStorage */ = {
			isa = XCSwiftPackageProductDependency;
			package = A806FB742C9EE7B500206181 /* XCRemoteSwiftPackageReference "firebase-ios-sdk" */;
			productName = FirebaseStorage;
		};
/* End XCSwiftPackageProductDependency section */
	};
	rootObject = A806FB592C9EE67B00206181 /* Project object */;
}
